Legend: production dependency, optional only, dev only

pagy.e2e /pagy/e2e (PRIVATE)

devDependencies:
@cypress/snapshot 2.1.7
@types/node 20.3.1
@typescript-eslint/eslint-plugin 5.59.11
@typescript-eslint/parser 5.59.11
cypress 12.14.0
cypress-html-validate 6.0.0
eslint 8.42.0
eslint-plugin-align-assignments 1.1.2
eslint-plugin-cypress 2.13.3
eslint-plugin-import 2.27.5
eslint-plugin-node 11.1.0
eslint-plugin-promise 6.1.1
html-validate 8.0.5
start-server-and-test 2.0.0
typescript 5.1.3
