/pagy/e2e
/pagy/e2e/node_modules/.pnpm/@cypress+snapshot@2.1.7
/pagy/e2e/node_modules/.pnpm/@types+node@18.0.0
/pagy/e2e/node_modules/.pnpm/cypress@10.1.0
/pagy/e2e/node_modules/.pnpm/cypress-html-validate@4.0.0_muoft5t3sijwriphgkjslbdxpu
/pagy/e2e/node_modules/.pnpm/eslint@8.17.0
/pagy/e2e/node_modules/.pnpm/eslint-plugin-cypress@2.12.1_eslint@8.17.0
/pagy/e2e/node_modules/.pnpm/html-validate@7.1.1
/pagy/e2e/node_modules/.pnpm/start-server-and-test@1.14.0
/pagy/e2e/node_modules/.pnpm/typescript@4.7.3
